
Microsoft Visual Studio Solution File, Format Version 12.00
# Visual Studio Version 16
VisualStudioVersion = 16.0.29009.5
MinimumVisualStudioVersion = 10.0.40219.1
Project("{FAE04EC0-301F-11D3-BF4B-00C04F79EFBC}") = "ChristmasExamS00189392", "ChristmasExamS00189392\ChristmasExamS00189392.csproj", "{10661126-716F-4D9E-99F9-092F42CBB7B4}"
EndProject
Global
	GlobalSection(SolutionConfigurationPlatforms) = preSolution
		Debug|Any CPU = Debug|Any CPU
		Release|Any CPU = Release|Any CPU
	EndGlobalSection
	GlobalSection(ProjectConfigurationPlatforms) = postSolution
		{10661126-716F-4D9E-99F9-092F42CBB7B4}.Debug|Any CPU.ActiveCfg = Debug|Any CPU
		{10661126-716F-4D9E-99F9-092F42CBB7B4}.Debug|Any CPU.Build.0 = Debug|Any CPU
		{10661126-716F-4D9E-99F9-092F42CBB7B4}.Release|Any CPU.ActiveCfg = Release|Any CPU
		{10661126-716F-4D9E-99F9-092F42CBB7B4}.Release|Any CPU.Build.0 = Release|Any CPU
	EndGlobalSection
	GlobalSection(SolutionProperties) = preSolution
		HideSolutionNode = FALSE
	EndGlobalSection
	GlobalSection(ExtensibilityGlobals) = postSolution
		SolutionGuid = {F1FAB890-74B0-4D2E-A6B0-A7D2B087D6EB}
	EndGlobalSection
EndGlobal
